<?xml version="1.0" encoding="utf-8"?>
<Project ToolsVersion="4.0" xmlns="http://schemas.microsoft.com/developer/msbuild/2003">
  <ItemGroup>
    <ClInclude Include="core\core.h" />
    <ClInclude Include="core\log.h" />
    <ClInclude Include="core\application.h" />
    <ClInclude Include="core\camera.h" />
    <ClInclude Include="core\job_system.h" />
    <ClInclude Include="core\ring_buffer.h" />
    <ClInclude Include="core\timer.h" />
    <ClInclude Include="graphics\vk\vk_buffer.h" />
    <ClInclude Include="graphics\vk\vk_common.h" />
    <ClInclude Include="graphics\vk_runtime.h" />
    <ClInclude Include="graphics\vk\vk_device.h" />
    <ClInclude Include="graphics\vk\vk_instance.h" />
    <ClInclude Include="graphics\mesh.h" />
    <ClInclude Include="graphics\vk\vk_sampler.h" />
    <ClInclude Include="graphics\vk\vk_swapchain.h" />
    <ClInclude Include="core\interface.h" />
  </ItemGroup>
  <ItemGroup>
    <ClCompile Include="core\core.cpp" />
    <ClCompile Include="core\application.cpp" />
    <ClCompile Include="core\job_system.cpp" />
    <ClCompile Include="core\log.cpp" />
    <ClCompile Include="core\timer.cpp" />
    <ClCompile Include="graphics\vk\vk_buffer.cpp" />
    <ClCompile Include="graphics\vk\vk_common.cpp" />
    <ClCompile Include="graphics\vk_runtime.cpp" />
    <ClCompile Include="graphics\vk\vk_device.cpp" />
    <ClCompile Include="graphics\vk\vk_instance.cpp" />
    <ClCompile Include="graphics\mesh.cpp" />
    <ClCompile Include="graphics\vk\vk_swapchain.cpp" />
  </ItemGroup>
</Project>